// !$*UTF8*$!
{
	archiveVersion = 1;
	classes = {
	};
	objectVersion = 46;
	objects = {

/* Begin PBXBuildFile section */
		C8D75C399D95AF1F0170A61B /* MOE.framework */ = {isa = PBXBuildFile; fileRef = 13A3DC6FE737FB0AFE0547A1 /* MOE.framework */; settings = {ATTRIBUTES = (CodeSignOnCopy, RemoveHeadersOnCopy, ); }; };
		4E8FB68E9B13DA47AA36CC6F /* MOE.framework */ = {isa = PBXBuildFile; fileRef = 13A3DC6FE737FB0AFE0547A1 /* MOE.framework */; };
		D127D9103295F597DEBF00E6 /* preregister.txt */ = {isa = PBXBuildFile; fileRef = AF736670D2C102E90FA2D330 /* preregister.txt */; };
		3973D0CB6B8BE55B5FC10741 /* MainUI.storyboard */ = {isa = PBXBuildFile; fileRef = 460B43609280651EC79A3373 /* MainUI.storyboard */; };
		243BF78DB2AEA4437C9C7557 /* main.cpp */ = {isa = PBXBuildFile; fileRef = 87BA555397954B4F94D4FE41 /* main.cpp */; };
/* End PBXBuildFile section */

/* Begin PBXCopyFilesBuildPhase section */
		432269F653AC13FAFCB6C785 = {
			isa = PBXCopyFilesBuildPhase;
			buildActionMask = 2147483647;
			dstPath = "";
			dstSubfolderSpec = 10;
			files = (
				C8D75C399D95AF1F0170A61B,
			);
			name = "Embed Frameworks";
			runOnlyForDeploymentPostprocessing = 0;
		};
/* End PBXCopyFilesBuildPhase section */

/* Begin PBXFileReference section */
		41A73CE6C9236EA517E743FF /* ios.app */ = {isa = PBXFileReference; explicitFileType = wrapper.application; path = ios.app; sourceTree = BUILT_PRODUCTS_DIR; };
		9281D52F473A7BD73942DC00 /* build.xcconfig */ = {isa = PBXFileReference; lastKnownFileType = text.xcconfig; path = build.xcconfig; sourceTree = "<group>"; };
		1CB8D89FF31EE72B08A64641 /* Info.plist */ = {isa = PBXFileReference; lastKnownFileType = text.plist.xml; path = Info.plist; sourceTree = "<group>"; };
		87BA555397954B4F94D4FE41 /* main.cpp */ = {isa = PBXFileReference; lastKnownFileType = sourcecode.cpp.cpp; path = main.cpp; sourceTree = "<group>"; };
		AF736670D2C102E90FA2D330 /* preregister.txt */ = {isa = PBXFileReference; lastKnownFileType = text; path = preregister.txt; sourceTree = "<group>"; };
		460B43609280651EC79A3373 /* ../src/main/resources/MainUI.storyboard */ = {isa = PBXFileReference; lastKnownFileType = file.storyboard; path = ../src/main/resources/MainUI.storyboard; sourceTree = "<group>"; };
		13A3DC6FE737FB0AFE0547A1 /* MOE.framework */ = {isa = PBXFileReference; lastKnownFileType = wrapper.framework; path = MOE.framework; sourceTree = XRT_FRAMEWORK_PATH; };
/* End PBXFileReference section */

/* Begin PBXFrameworksBuildPhase section */
		1B2CF09A21D6E34582AB5B82 = {
			isa = PBXFrameworksBuildPhase;
			buildActionMask = 2147483647;
			files = (
				4E8FB68E9B13DA47AA36CC6F,
			);
			runOnlyForDeploymentPostprocessing = 0;
		};
/* End PBXFrameworksBuildPhase section */

/* Begin PBXGroup section */
		806C22BE496DC15B3BBA69BE = {
			isa = PBXGroup;
			children = (
				9281D52F473A7BD73942DC00 /* build.xcconfig */,
				87BA555397954B4F94D4FE41 /* main.cpp */,
				1CB8D89FF31EE72B08A64641 /* Info.plist */,
				AF736670D2C102E90FA2D330 /* preregister.txt */,
			);
			name = "Supporting Files";
			sourceTree = "<group>";
		};
		3FA58785B229B37687D1D2EE = {
			isa = PBXGroup;
			children = (
				41A73CE6C9236EA517E743FF /* ios.app */,
				460B43609280651EC79A3373 /* MainUI.storyboard */,
			);
			name = Resources;
			sourceTree = "<group>";
		};
		7A0550980A03E3A585642D41 = {
			isa = PBXGroup;
			children = (
			);
			sourceTree = "<group>";
		};
		B3793584B311E753083B2B4B = {
			isa = PBXGroup;
			children = (
				13A3DC6FE737FB0AFE0547A1 /* MOE.framework */,
			);
			name = Frameworks;
			sourceTree = "<group>";
		};
		CA0C1438164B0430224AA171 = {
			isa = PBXGroup;
			children = (
				806C22BE496DC15B3BBA69BE /* Supporting Files */,
			);
			path = ios;
			sourceTree = "<group>";
		};
		EF37F4CA5722C3C468AE468B = {
			isa = PBXGroup;
			children = (
				CA0C1438164B0430224AA171 /* ios */,
				B3793584B311E753083B2B4B /* Frameworks */,
				3FA58785B229B37687D1D2EE /* Resources */,
			);
			sourceTree = "<group>";
		};
/* End PBXGroup section */

/* Begin PBXNativeTarget section */
		3D9E6E9397DE809168824A8E = {
			isa = PBXNativeTarget;
			buildConfigurationList = 2F1F59999D6945E742AB41BF;
			buildPhases = (
				D819002C38128493F2D1EAB1,
				1B2CF09A21D6E34582AB5B82,
				AF27040CB42C76E62BB2BF19,
				8C4EA6EA4C8DCC458030FD98,
				432269F653AC13FAFCB6C785,
			);
			buildRules = (
			);
			name = ios;
			productName = ios;
			productReference = 41A73CE6C9236EA517E743FF;
			productType = "com.apple.product-type.application";
		};
/* End PBXNativeTarget section */

/* Begin PBXProject section */
		EF526919B06D92536034A13C = {
			isa = PBXProject;
			attributes = {
				ORGANIZATIONNAME = intel;
			};
			buildConfigurationList = 84C58CC976F847621B2B4605;
			compatibilityVersion = "Xcode 3.2";
			developmentRegion = English;
			hasScannedForEncodings = 0;
			knownRegions = (
				en,
				Base,
			);
			mainGroup = EF37F4CA5722C3C468AE468B;
			productRefGroup = 3FA58785B229B37687D1D2EE;
			projectDirPath = "";
			projectRoot = "";
			targets = (
				3D9E6E9397DE809168824A8E,
			);
		};
/* End PBXProject section */

/* Begin PBXResourcesBuildPhase section */
		AF27040CB42C76E62BB2BF19 = {
			isa = PBXResourcesBuildPhase;
			buildActionMask = 2147483647;
			files = (
				D127D9103295F597DEBF00E6,
				3973D0CB6B8BE55B5FC10741,
			);
			runOnlyForDeploymentPostprocessing = 0;
		};
/* End PBXResourcesBuildPhase section */

/* Begin PBXShellScriptBuildPhase section */
		D819002C38128493F2D1EAB1 = {
			isa = PBXShellScriptBuildPhase;
			buildActionMask = 2147483647;
			files = (
			);
			inputPaths = (
			);
			name = "Compile Java Sources";
			outputPaths = (
			);
			runOnlyForDeploymentPostprocessing = 0;
			shellPath = /bin/bash;
			shellScript = "cd ../\n\nexport JAVA_HOME=$(/usr/libexec/java_home -v 1.8)\njava -version\n\nfunction gradlePath {\n\tCD=\"$PWD\"\n\twhile [ \"$CD\" != \"\" ]; do\n\t\tif [ -x \"$CD/gradlew\" ]; then\n\t\t\tGRADLE_PATH=$CD/gradlew\n\t\t\treturn 0\n\t\tfi\n\t\tCD=\"${CD%/*}\"\n\tdone\n\n\tGRADLE_PATH=$(which 'gradle')\n\n\tif [ \"$GRADLE_PATH\" = \"\" ]; then\n\t\tGRADLE_PATH=/usr/local/bin/gradle\n\tfi\n}\ngradlePath\n\nif [ \"$XRT_SKIP_DEX\" == \"Yes\" ]; then\n\techo \"Compiling ART only...\"\n\t\"$GRADLE_PATH\" --daemon buildArtOat -Pxrt.archs=${arch}\n\texit\nfi\n\n\"$GRADLE_PATH\" --daemon compileJava proguard buildRetro buildDex buildArtOat buildPreregister -Pxrt.archs=\"${ARCHS}\"\n";
			showEnvVarsInLog = 0;
		};
/* End PBXShellScriptBuildPhase section */

/* Begin PBXSourcesBuildPhase section */
		8C4EA6EA4C8DCC458030FD98 = {
			isa = PBXSourcesBuildPhase;
			buildActionMask = 2147483647;
			files = (
				243BF78DB2AEA4437C9C7557,
			);
			runOnlyForDeploymentPostprocessing = 0;
		};
/* End PBXSourcesBuildPhase section */

/* Begin XCBuildConfiguration section */
		59AA30223884A00E8899A02E /* Debug */ = {
			isa = XCBuildConfiguration;
			baseConfigurationReference = 9281D52F473A7BD73942DC00;
			buildSettings = {
				ASSETCATALOG_COMPILER_APPICON_NAME = AppIcon;
				DEAD_CODE_STRIPPING = NO;
				FRAMEWORK_SEARCH_PATHS = ("$(inherited)",);
				INFOPLIST_FILE = ios/Info.plist;
				LD_RUNPATH_SEARCH_PATHS = "$(inherited) @executable_path/Frameworks";
				OTHER_LDFLAGS = "${XRT_OTHER_LDFLAGS}";
				PRODUCT_NAME = ios;
				STRIP_STYLE = "non-global";
				VALID_ARCHS = "armv7 arm64 i386 x86_64";
			};
			name = Debug;
		};
		6771146D0C7810467201AFB5 /* Release */ = {
			isa = XCBuildConfiguration;
			baseConfigurationReference = 9281D52F473A7BD73942DC00;
			buildSettings = {
				ASSETCATALOG_COMPILER_APPICON_NAME = AppIcon;
				DEAD_CODE_STRIPPING = NO;
				FRAMEWORK_SEARCH_PATHS = ("$(inherited)",);
				INFOPLIST_FILE = ios/Info.plist;
				LD_RUNPATH_SEARCH_PATHS = "$(inherited) @executable_path/Frameworks";
				OTHER_LDFLAGS = "${XRT_OTHER_LDFLAGS}";
				PRODUCT_NAME = ios;
				STRIP_STYLE = "non-global";
				VALID_ARCHS = "armv7 arm64 i386 x86_64";
			};
			name = Release;
		};
		482FCC70007BBECC2D623DAF /* Debug */ = {
			isa = XCBuildConfiguration;
			baseConfigurationReference = 9281D52F473A7BD73942DC00;
			buildSettings = {
				ALWAYS_SEARCH_USER_PATHS = NO;
				CLANG_CXX_LANGUAGE_STANDARD = "gnu++0x";
				CLANG_CXX_LIBRARY = "libc++";
				CLANG_ENABLE_MODULES = YES;
				CLANG_ENABLE_OBJC_ARC = YES;
				CLANG_WARN_BOOL_CONVERSION = YES;
				CLANG_WARN_CONSTANT_CONVERSION = YES;
				CLANG_WARN_DIRECT_OBJC_ISA_USAGE = YES_ERROR;
				CLANG_WARN_EMPTY_BODY = YES;
				CLANG_WARN_ENUM_CONVERSION = YES;
				CLANG_WARN_INT_CONVERSION = YES;
				CLANG_WARN_OBJC_ROOT_CLASS = YES_ERROR;
				CLANG_WARN_UNREACHABLE_CODE = YES;
				CLANG_WARN__DUPLICATE_METHOD_MATCH = YES;
				"CODE_SIGN_IDENTITY[sdk = iphoneos*]" = "iPhone Developer";
				COPY_PHASE_STRIP = NO;
				ENABLE_STRICT_OBJC_MSGSEND = YES;
				FRAMEWORK_SEARCH_PATHS = ("$(inherited)","${XRT_FRAMEWORK_PATH}",);
				GCC_C_LANGUAGE_STANDARD = gnu99;
				GCC_DYNAMIC_NO_PIC = YES;
				GCC_OPTIMIZATION_LEVEL = 0;
				GCC_PREPROCESSOR_DEFINITIONS = ("DEBUG=1","$(inherited)",);
				GCC_SYMBOLS_PRIVATE_EXTERN = NO;
				GCC_WARN_64_TO_32_BIT_CONVERSION = YES;
				GCC_WARN_ABOUT_RETURN_TYPE = YES_ERROR;
				GCC_WARN_UNDECLARED_SELECTOR = YES;
				GCC_WARN_UNINITIALIZED_AUTOS = YES_AGGRESSIVE;
				GCC_WARN_UNUSED_FUNCTION = YES;
				GCC_WARN_UNUSED_VARIABLE = YES;
				IPHONEOS_DEPLOYMENT_TARGET = 8.0;
				LD_RUNPATH_SEARCH_PATHS = "$(inherited) ${XRT_FRAMEWORK_PATH}";
				MTL_ENABLE_DEBUG_INFO = YES;
				ONLY_ACTIVE_ARCH = NO;
				SDKROOT = iphoneos;
				SYMROOT = "../build/xcode";
				TARGETED_DEVICE_FAMILY = "1,2";
			};
			name = Debug;
		};
		CB0CB29D1B845994FC5B9C62 /* Release */ = {
			isa = XCBuildConfiguration;
			baseConfigurationReference = 9281D52F473A7BD73942DC00;
			buildSettings = {
				ALWAYS_SEARCH_USER_PATHS = NO;
				CLANG_CXX_LANGUAGE_STANDARD = "gnu++0x";
				CLANG_CXX_LIBRARY = "libc++";
				CLANG_ENABLE_MODULES = YES;
				CLANG_ENABLE_OBJC_ARC = YES;
				CLANG_WARN_BOOL_CONVERSION = YES;
				CLANG_WARN_CONSTANT_CONVERSION = YES;
				CLANG_WARN_DIRECT_OBJC_ISA_USAGE = YES_ERROR;
				CLANG_WARN_EMPTY_BODY = YES;
				CLANG_WARN_ENUM_CONVERSION = YES;
				CLANG_WARN_INT_CONVERSION = YES;
				CLANG_WARN_OBJC_ROOT_CLASS = YES_ERROR;
				CLANG_WARN_UNREACHABLE_CODE = YES;
				CLANG_WARN__DUPLICATE_METHOD_MATCH = YES;
				"CODE_SIGN_IDENTITY[sdk = iphoneos*]" = "iPhone Developer";
				COPY_PHASE_STRIP = NO;
				ENABLE_STRICT_OBJC_MSGSEND = YES;
				FRAMEWORK_SEARCH_PATHS = ("$(inherited)","${XRT_FRAMEWORK_PATH}",);
				GCC_C_LANGUAGE_STANDARD = gnu99;
				GCC_DYNAMIC_NO_PIC = YES;
				GCC_OPTIMIZATION_LEVEL = 0;
				GCC_PREPROCESSOR_DEFINITIONS = ("DEBUG=1","$(inherited)",);
				GCC_SYMBOLS_PRIVATE_EXTERN = NO;
				GCC_WARN_64_TO_32_BIT_CONVERSION = YES;
				GCC_WARN_ABOUT_RETURN_TYPE = YES_ERROR;
				GCC_WARN_UNDECLARED_SELECTOR = YES;
				GCC_WARN_UNINITIALIZED_AUTOS = YES_AGGRESSIVE;
				GCC_WARN_UNUSED_FUNCTION = YES;
				GCC_WARN_UNUSED_VARIABLE = YES;
				IPHONEOS_DEPLOYMENT_TARGET = 8.0;
				LD_RUNPATH_SEARCH_PATHS = "$(inherited) ${XRT_FRAMEWORK_PATH}";
				MTL_ENABLE_DEBUG_INFO = YES;
				ONLY_ACTIVE_ARCH = NO;
				SDKROOT = iphoneos;
				SYMROOT = "../build/xcode";
				TARGETED_DEVICE_FAMILY = "1,2";
			};
			name = Release;
		};
/* End XCBuildConfiguration section */

/* Begin XCConfigurationList section */
		2F1F59999D6945E742AB41BF = {
			isa = XCConfigurationList;
			buildConfigurations = (
				59AA30223884A00E8899A02E,
				6771146D0C7810467201AFB5,
			);
			defaultConfigurationIsVisible = 0;
			defaultConfigurationName = Release;
		};
		84C58CC976F847621B2B4605 = {
			isa = XCConfigurationList;
			buildConfigurations = (
				482FCC70007BBECC2D623DAF,
				CB0CB29D1B845994FC5B9C62,
			);
			defaultConfigurationIsVisible = 0;
			defaultConfigurationName = Release;
		};
/* End XCConfigurationList section */
	};
	rootObject = EF526919B06D92536034A13C;
}